
Microsoft Visual Studio Solution File, Format Version 12.00
# Visual Studio Version 17
VisualStudioVersion = 17.10.35013.160
MinimumVisualStudioVersion = 10.0.40219.1
Project("{9A19103F-16F7-4668-BE54-9A1E7A4F7556}") = "CompilerProject", "CompilerProject\CompilerProject.csproj", "{41A8128E-04B6-4BAB-B3DD-00496B7CB817}"
	ProjectSection(ProjectDependencies) = postProject
		{CF9078C2-FFEE-4F3B-84B6-256606C0554B} = {CF9078C2-FFEE-4F3B-84B6-256606C0554B}
	EndProjectSection
EndProject
Project("{9A19103F-16F7-4668-BE54-9A1E7A4F7556}") = "Lexer", "Lexer\Lexer.csproj", "{8477DDA3-9019-42D2-BC53-8A4DD1C2AEE9}"
EndProject
Project("{9A19103F-16F7-4668-BE54-9A1E7A4F7556}") = "Parser", "Parser\Parser.csproj", "{9CF8E8E7-4A31-4A44-9566-AD29F9BD56CA}"
EndProject
Project("{9A19103F-16F7-4668-BE54-9A1E7A4F7556}") = "Emitter", "Emitter\Emitter.csproj", "{CF9078C2-FFEE-4F3B-84B6-256606C0554B}"
EndProject
Global
	GlobalSection(SolutionConfigurationPlatforms) = preSolution
		Debug|Any CPU = Debug|Any CPU
		Debug|x64 = Debug|x64
		Debug|x86 = Debug|x86
		Release|Any CPU = Release|Any CPU
		Release|x64 = Release|x64
		Release|x86 = Release|x86
	EndGlobalSection
	GlobalSection(ProjectConfigurationPlatforms) = postSolution
		{41A8128E-04B6-4BAB-B3DD-00496B7CB817}.Debug|Any CPU.ActiveCfg = Debug|Any CPU
		{41A8128E-04B6-4BAB-B3DD-00496B7CB817}.Debug|Any CPU.Build.0 = Debug|Any CPU
		{41A8128E-04B6-4BAB-B3DD-00496B7CB817}.Debug|x64.ActiveCfg = Debug|Any CPU
		{41A8128E-04B6-4BAB-B3DD-00496B7CB817}.Debug|x64.Build.0 = Debug|Any CPU
		{41A8128E-04B6-4BAB-B3DD-00496B7CB817}.Debug|x86.ActiveCfg = Debug|Any CPU
		{41A8128E-04B6-4BAB-B3DD-00496B7CB817}.Debug|x86.Build.0 = Debug|Any CPU
		{41A8128E-04B6-4BAB-B3DD-00496B7CB817}.Release|Any CPU.ActiveCfg = Release|Any CPU
		{41A8128E-04B6-4BAB-B3DD-00496B7CB817}.Release|Any CPU.Build.0 = Release|Any CPU
		{41A8128E-04B6-4BAB-B3DD-00496B7CB817}.Release|x64.ActiveCfg = Release|Any CPU
		{41A8128E-04B6-4BAB-B3DD-00496B7CB817}.Release|x64.Build.0 = Release|Any CPU
		{41A8128E-04B6-4BAB-B3DD-00496B7CB817}.Release|x86.ActiveCfg = Release|Any CPU
		{41A8128E-04B6-4BAB-B3DD-00496B7CB817}.Release|x86.Build.0 = Release|Any CPU
		{8477DDA3-9019-42D2-BC53-8A4DD1C2AEE9}.Debug|Any CPU.ActiveCfg = Debug|Any CPU
		{8477DDA3-9019-42D2-BC53-8A4DD1C2AEE9}.Debug|Any CPU.Build.0 = Debug|Any CPU
		{8477DDA3-9019-42D2-BC53-8A4DD1C2AEE9}.Debug|x64.ActiveCfg = Debug|Any CPU
		{8477DDA3-9019-42D2-BC53-8A4DD1C2AEE9}.Debug|x64.Build.0 = Debug|Any CPU
		{8477DDA3-9019-42D2-BC53-8A4DD1C2AEE9}.Debug|x86.ActiveCfg = Debug|Any CPU
		{8477DDA3-9019-42D2-BC53-8A4DD1C2AEE9}.Debug|x86.Build.0 = Debug|Any CPU
		{8477DDA3-9019-42D2-BC53-8A4DD1C2AEE9}.Release|Any CPU.ActiveCfg = Release|Any CPU
		{8477DDA3-9019-42D2-BC53-8A4DD1C2AEE9}.Release|Any CPU.Build.0 = Release|Any CPU
		{8477DDA3-9019-42D2-BC53-8A4DD1C2AEE9}.Release|x64.ActiveCfg = Release|Any CPU
		{8477DDA3-9019-42D2-BC53-8A4DD1C2AEE9}.Release|x64.Build.0 = Release|Any CPU
		{8477DDA3-9019-42D2-BC53-8A4DD1C2AEE9}.Release|x86.ActiveCfg = Release|Any CPU
		{8477DDA3-9019-42D2-BC53-8A4DD1C2AEE9}.Release|x86.Build.0 = Release|Any CPU
		{9CF8E8E7-4A31-4A44-9566-AD29F9BD56CA}.Debug|Any CPU.ActiveCfg = Debug|Any CPU
		{9CF8E8E7-4A31-4A44-9566-AD29F9BD56CA}.Debug|Any CPU.Build.0 = Debug|Any CPU
		{9CF8E8E7-4A31-4A44-9566-AD29F9BD56CA}.Debug|x64.ActiveCfg = Debug|Any CPU
		{9CF8E8E7-4A31-4A44-9566-AD29F9BD56CA}.Debug|x64.Build.0 = Debug|Any CPU
		{9CF8E8E7-4A31-4A44-9566-AD29F9BD56CA}.Debug|x86.ActiveCfg = Debug|Any CPU
		{9CF8E8E7-4A31-4A44-9566-AD29F9BD56CA}.Debug|x86.Build.0 = Debug|Any CPU
		{9CF8E8E7-4A31-4A44-9566-AD29F9BD56CA}.Release|Any CPU.ActiveCfg = Release|Any CPU
		{9CF8E8E7-4A31-4A44-9566-AD29F9BD56CA}.Release|Any CPU.Build.0 = Release|Any CPU
		{9CF8E8E7-4A31-4A44-9566-AD29F9BD56CA}.Release|x64.ActiveCfg = Release|Any CPU
		{9CF8E8E7-4A31-4A44-9566-AD29F9BD56CA}.Release|x64.Build.0 = Release|Any CPU
		{9CF8E8E7-4A31-4A44-9566-AD29F9BD56CA}.Release|x86.ActiveCfg = Release|Any CPU
		{9CF8E8E7-4A31-4A44-9566-AD29F9BD56CA}.Release|x86.Build.0 = Release|Any CPU
		{CF9078C2-FFEE-4F3B-84B6-256606C0554B}.Debug|Any CPU.ActiveCfg = Debug|Any CPU
		{CF9078C2-FFEE-4F3B-84B6-256606C0554B}.Debug|Any CPU.Build.0 = Debug|Any CPU
		{CF9078C2-FFEE-4F3B-84B6-256606C0554B}.Debug|x64.ActiveCfg = Debug|Any CPU
		{CF9078C2-FFEE-4F3B-84B6-256606C0554B}.Debug|x64.Build.0 = Debug|Any CPU
		{CF9078C2-FFEE-4F3B-84B6-256606C0554B}.Debug|x86.ActiveCfg = Debug|Any CPU
		{CF9078C2-FFEE-4F3B-84B6-256606C0554B}.Debug|x86.Build.0 = Debug|Any CPU
		{CF9078C2-FFEE-4F3B-84B6-256606C0554B}.Release|Any CPU.ActiveCfg = Release|Any CPU
		{CF9078C2-FFEE-4F3B-84B6-256606C0554B}.Release|Any CPU.Build.0 = Release|Any CPU
		{CF9078C2-FFEE-4F3B-84B6-256606C0554B}.Release|x64.ActiveCfg = Release|Any CPU
		{CF9078C2-FFEE-4F3B-84B6-256606C0554B}.Release|x64.Build.0 = Release|Any CPU
		{CF9078C2-FFEE-4F3B-84B6-256606C0554B}.Release|x86.ActiveCfg = Release|Any CPU
		{CF9078C2-FFEE-4F3B-84B6-256606C0554B}.Release|x86.Build.0 = Release|Any CPU
	EndGlobalSection
	GlobalSection(SolutionProperties) = preSolution
		HideSolutionNode = FALSE
	EndGlobalSection
	GlobalSection(ExtensibilityGlobals) = postSolution
		SolutionGuid = {DD02087B-C26E-4479-8EFD-5E166EC52D96}
	EndGlobalSection
EndGlobal
